
Microsoft Visual Studio Solution File, Format Version 12.00
# Visual Studio Version 17
VisualStudioVersion = 17.11.35222.181
MinimumVisualStudioVersion = 10.0.40219.1
Project("{FAE04EC0-301F-11D3-BF4B-00C04F79EFBC}") = "kursach wpf .framework", "kursach wpf .framework\kursach wpf .framework.csproj", "{CDC3C102-E4BE-41B8-A698-AA628E21528F}"
EndProject
Global
	GlobalSection(SolutionConfigurationPlatforms) = preSolution
		Debug|Any CPU = Debug|Any CPU
		Release|Any CPU = Release|Any CPU
	EndGlobalSection
	GlobalSection(ProjectConfigurationPlatforms) = postSolution
		{CDC3C102-E4BE-41B8-A698-AA628E21528F}.Debug|Any CPU.ActiveCfg = Debug|Any CPU
		{CDC3C102-E4BE-41B8-A698-AA628E21528F}.Debug|Any CPU.Build.0 = Debug|Any CPU
		{CDC3C102-E4BE-41B8-A698-AA628E21528F}.Release|Any CPU.ActiveCfg = Release|Any CPU
		{CDC3C102-E4BE-41B8-A698-AA628E21528F}.Release|Any CPU.Build.0 = Release|Any CPU
	EndGlobalSection
	GlobalSection(SolutionProperties) = preSolution
		HideSolutionNode = FALSE
	EndGlobalSection
	GlobalSection(ExtensibilityGlobals) = postSolution
		SolutionGuid = {C6E903A4-A98E-459B-891F-3AA026A5B577}
	EndGlobalSection
EndGlobal
